// !$*UTF8*$!
{
	archiveVersion = 1;
	classes = {
	};
	objectVersion = 56;
	objects = {

/* Begin PBXBuildFile section */
		6A6E7C742D42D43700764C43 /* FetchRecipesApp.swift in Sources */ = {isa = PBXBuildFile; fileRef = 6A6E7C732D42D43700764C43 /* FetchRecipesApp.swift */; };
		6A6E7C7A2D42D43800764C43 /* Assets.xcassets in Resources */ = {isa = PBXBuildFile; fileRef = 6A6E7C792D42D43800764C43 /* Assets.xcassets */; };
		6A6E7C7D2D42D43800764C43 /* Preview Assets.xcassets in Resources */ = {isa = PBXBuildFile; fileRef = 6A6E7C7C2D42D43800764C43 /* Preview Assets.xcassets */; };
		6A6E7C872D42D43800764C43 /* FetchRecipesTests.swift in Sources */ = {isa = PBXBuildFile; fileRef = 6A6E7C862D42D43800764C43 /* FetchRecipesTests.swift */; };
		6A6E7C912D42D43800764C43 /* FetchRecipesUITests.swift in Sources */ = {isa = PBXBuildFile; fileRef = 6A6E7C902D42D43800764C43 /* FetchRecipesUITests.swift */; };
		6A6E7C932D42D43800764C43 /* FetchRecipesUITestsLaunchTests.swift in Sources */ = {isa = PBXBuildFile; fileRef = 6A6E7C922D42D43800764C43 /* FetchRecipesUITestsLaunchTests.swift */; };
		6A6E7CA12D42D70F00764C43 /* Recipe.swift in Sources */ = {isa = PBXBuildFile; fileRef = 6A6E7CA02D42D70F00764C43 /* Recipe.swift */; };
		6A6E7CA42D42D78900764C43 /* RecipeViewModel.swift in Sources */ = {isa = PBXBuildFile; fileRef = 6A6E7CA32D42D78900764C43 /* RecipeViewModel.swift */; };
		6A6E7CA72D42D7FA00764C43 /* RecipeAPIClient.swift in Sources */ = {isa = PBXBuildFile; fileRef = 6A6E7CA62D42D7FA00764C43 /* RecipeAPIClient.swift */; };
		6A6E7CAA2D42D84000764C43 /* ImageCache.swift in Sources */ = {isa = PBXBuildFile; fileRef = 6A6E7CA92D42D84000764C43 /* ImageCache.swift */; };
		6A6E7CAC2D42D88200764C43 /* RecipeAPITests.swift in Sources */ = {isa = PBXBuildFile; fileRef = 6A6E7CAB2D42D88200764C43 /* RecipeAPITests.swift */; };
		6A6E7CAF2D42D8BE00764C43 /* RecipeListView.swift in Sources */ = {isa = PBXBuildFile; fileRef = 6A6E7CAE2D42D8BE00764C43 /* RecipeListView.swift */; };
/* End PBXBuildFile section */

/* Begin PBXContainerItemProxy section */
		6A6E7C832D42D43800764C43 /* PBXContainerItemProxy */ = {
			isa = PBXContainerItemProxy;
			containerPortal = 6A6E7C682D42D43700764C43 /* Project object */;
			proxyType = 1;
			remoteGlobalIDString = 6A6E7C6F2D42D43700764C43;
			remoteInfo = FetchRecipes;
		};
		6A6E7C8D2D42D43800764C43 /* PBXContainerItemProxy */ = {
			isa = PBXContainerItemProxy;
			containerPortal = 6A6E7C682D42D43700764C43 /* Project object */;
			proxyType = 1;
			remoteGlobalIDString = 6A6E7C6F2D42D43700764C43;
			remoteInfo = FetchRecipes;
		};
/* End PBXContainerItemProxy section */

/* Begin PBXFileReference section */
		6A6E7C702D42D43700764C43 /* FetchRecipes.app */ = {isa = PBXFileReference; explicitFileType = wrapper.application; includeInIndex = 0; path = FetchRecipes.app; sourceTree = BUILT_PRODUCTS_DIR; };
		6A6E7C732D42D43700764C43 /* FetchRecipesApp.swift */ = {isa = PBXFileReference; lastKnownFileType = sourcecode.swift; path = FetchRecipesApp.swift; sourceTree = "<group>"; };
		6A6E7C792D42D43800764C43 /* Assets.xcassets */ = {isa = PBXFileReference; lastKnownFileType = folder.assetcatalog; path = Assets.xcassets; sourceTree = "<group>"; };
		6A6E7C7C2D42D43800764C43 /* Preview Assets.xcassets */ = {isa = PBXFileReference; lastKnownFileType = folder.assetcatalog; path = "Preview Assets.xcassets"; sourceTree = "<group>"; };
		6A6E7C822D42D43800764C43 /* FetchRecipesTests.xctest */ = {isa = PBXFileReference; explicitFileType = wrapper.cfbundle; includeInIndex = 0; path = FetchRecipesTests.xctest; sourceTree = BUILT_PRODUCTS_DIR; };
		6A6E7C862D42D43800764C43 /* FetchRecipesTests.swift */ = {isa = PBXFileReference; lastKnownFileType = sourcecode.swift; path = FetchRecipesTests.swift; sourceTree = "<group>"; };
		6A6E7C8C2D42D43800764C43 /* FetchRecipesUITests.xctest */ = {isa = PBXFileReference; explicitFileType = wrapper.cfbundle; includeInIndex = 0; path = FetchRecipesUITests.xctest; sourceTree = BUILT_PRODUCTS_DIR; };
		6A6E7C902D42D43800764C43 /* FetchRecipesUITests.swift */ = {isa = PBXFileReference; lastKnownFileType = sourcecode.swift; path = FetchRecipesUITests.swift; sourceTree = "<group>"; };
		6A6E7C922D42D43800764C43 /* FetchRecipesUITestsLaunchTests.swift */ = {isa = PBXFileReference; lastKnownFileType = sourcecode.swift; path = FetchRecipesUITestsLaunchTests.swift; sourceTree = "<group>"; };
		6A6E7CA02D42D70F00764C43 /* Recipe.swift */ = {isa = PBXFileReference; lastKnownFileType = sourcecode.swift; path = Recipe.swift; sourceTree = "<group>"; };
		6A6E7CA32D42D78900764C43 /* RecipeViewModel.swift */ = {isa = PBXFileReference; lastKnownFileType = sourcecode.swift; path = RecipeViewModel.swift; sourceTree = "<group>"; };
		6A6E7CA62D42D7FA00764C43 /* RecipeAPIClient.swift */ = {isa = PBXFileReference; lastKnownFileType = sourcecode.swift; path = RecipeAPIClient.swift; sourceTree = "<group>"; };
		6A6E7CA92D42D84000764C43 /* ImageCache.swift */ = {isa = PBXFileReference; lastKnownFileType = sourcecode.swift; path = ImageCache.swift; sourceTree = "<group>"; };
		6A6E7CAB2D42D88200764C43 /* RecipeAPITests.swift */ = {isa = PBXFileReference; lastKnownFileType = sourcecode.swift; path = RecipeAPITests.swift; sourceTree = "<group>"; };
		6A6E7CAE2D42D8BE00764C43 /* RecipeListView.swift */ = {isa = PBXFileReference; lastKnownFileType = sourcecode.swift; path = RecipeListView.swift; sourceTree = "<group>"; };
/* End PBXFileReference section */

/* Begin PBXFrameworksBuildPhase section */
		6A6E7C6D2D42D43700764C43 /* Frameworks */ = {
			isa = PBXFrameworksBuildPhase;
			buildActionMask = 2147483647;
			files = (
			);
			runOnlyForDeploymentPostprocessing = 0;
		};
		6A6E7C7F2D42D43800764C43 /* Frameworks */ = {
			isa = PBXFrameworksBuildPhase;
			buildActionMask = 2147483647;
			files = (
			);
			runOnlyForDeploymentPostprocessing = 0;
		};
		6A6E7C892D42D43800764C43 /* Frameworks */ = {
			isa = PBXFrameworksBuildPhase;
			buildActionMask = 2147483647;
			files = (
			);
			runOnlyForDeploymentPostprocessing = 0;
		};
/* End PBXFrameworksBuildPhase section */

/* Begin PBXGroup section */
		6A6E7C672D42D43700764C43 = {
			isa = PBXGroup;
			children = (
				6A6E7C722D42D43700764C43 /* FetchRecipes */,
				6A6E7C852D42D43800764C43 /* FetchRecipesTests */,
				6A6E7C8F2D42D43800764C43 /* FetchRecipesUITests */,
				6A6E7C712D42D43700764C43 /* Products */,
			);
			sourceTree = "<group>";
		};
		6A6E7C712D42D43700764C43 /* Products */ = {
			isa = PBXGroup;
			children = (
				6A6E7C702D42D43700764C43 /* FetchRecipes.app */,
				6A6E7C822D42D43800764C43 /* FetchRecipesTests.xctest */,
				6A6E7C8C2D42D43800764C43 /* FetchRecipesUITests.xctest */,
			);
			name = Products;
			sourceTree = "<group>";
		};
		6A6E7C722D42D43700764C43 /* FetchRecipes */ = {
			isa = PBXGroup;
			children = (
				6A6E7CAD2D42D8B600764C43 /* Views */,
				6A6E7CA82D42D82700764C43 /* Utilities */,
				6A6E7CA52D42D7D100764C43 /* ExternalAPIClients */,
				6A6E7CA22D42D77900764C43 /* ViewModels */,
				6A6E7C9F2D42D70200764C43 /* Models */,
				6A6E7C732D42D43700764C43 /* FetchRecipesApp.swift */,
				6A6E7C792D42D43800764C43 /* Assets.xcassets */,
				6A6E7C7B2D42D43800764C43 /* Preview Content */,
			);
			path = FetchRecipes;
			sourceTree = "<group>";
		};
		6A6E7C7B2D42D43800764C43 /* Preview Content */ = {
			isa = PBXGroup;
			children = (
				6A6E7C7C2D42D43800764C43 /* Preview Assets.xcassets */,
			);
			path = "Preview Content";
			sourceTree = "<group>";
		};
		6A6E7C852D42D43800764C43 /* FetchRecipesTests */ = {
			isa = PBXGroup;
			children = (
				6A6E7C862D42D43800764C43 /* FetchRecipesTests.swift */,
				6A6E7CAB2D42D88200764C43 /* RecipeAPITests.swift */,
			);
			path = FetchRecipesTests;
			sourceTree = "<group>";
		};
		6A6E7C8F2D42D43800764C43 /* FetchRecipesUITests */ = {
			isa = PBXGroup;
			children = (
				6A6E7C902D42D43800764C43 /* FetchRecipesUITests.swift */,
				6A6E7C922D42D43800764C43 /* FetchRecipesUITestsLaunchTests.swift */,
			);
			path = FetchRecipesUITests;
			sourceTree = "<group>";
		};
		6A6E7C9F2D42D70200764C43 /* Models */ = {
			isa = PBXGroup;
			children = (
				6A6E7CA02D42D70F00764C43 /* Recipe.swift */,
			);
			path = Models;
			sourceTree = "<group>";
		};
		6A6E7CA22D42D77900764C43 /* ViewModels */ = {
			isa = PBXGroup;
			children = (
				6A6E7CA32D42D78900764C43 /* RecipeViewModel.swift */,
			);
			path = ViewModels;
			sourceTree = "<group>";
		};
		6A6E7CA52D42D7D100764C43 /* ExternalAPIClients */ = {
			isa = PBXGroup;
			children = (
				6A6E7CA62D42D7FA00764C43 /* RecipeAPIClient.swift */,
			);
			path = ExternalAPIClients;
			sourceTree = "<group>";
		};
		6A6E7CA82D42D82700764C43 /* Utilities */ = {
			isa = PBXGroup;
			children = (
				6A6E7CA92D42D84000764C43 /* ImageCache.swift */,
			);
			path = Utilities;
			sourceTree = "<group>";
		};
		6A6E7CAD2D42D8B600764C43 /* Views */ = {
			isa = PBXGroup;
			children = (
				6A6E7CAE2D42D8BE00764C43 /* RecipeListView.swift */,
			);
			path = Views;
			sourceTree = "<group>";
		};
/* End PBXGroup section */

/* Begin PBXNativeTarget section */
		6A6E7C6F2D42D43700764C43 /* FetchRecipes */ = {
			isa = PBXNativeTarget;
			buildConfigurationList = 6A6E7C962D42D43800764C43 /* Build configuration list for PBXNativeTarget "FetchRecipes" */;
			buildPhases = (
				6A6E7C6C2D42D43700764C43 /* Sources */,
				6A6E7C6D2D42D43700764C43 /* Frameworks */,
				6A6E7C6E2D42D43700764C43 /* Resources */,
			);
			buildRules = (
			);
			dependencies = (
			);
			name = FetchRecipes;
			productName = FetchRecipes;
			productReference = 6A6E7C702D42D43700764C43 /* FetchRecipes.app */;
			productType = "com.apple.product-type.application";
		};
		6A6E7C812D42D43800764C43 /* FetchRecipesTests */ = {
			isa = PBXNativeTarget;
			buildConfigurationList = 6A6E7C992D42D43800764C43 /* Build configuration list for PBXNativeTarget "FetchRecipesTests" */;
			buildPhases = (
				6A6E7C7E2D42D43800764C43 /* Sources */,
				6A6E7C7F2D42D43800764C43 /* Frameworks */,
				6A6E7C802D42D43800764C43 /* Resources */,
			);
			buildRules = (
			);
			dependencies = (
				6A6E7C842D42D43800764C43 /* PBXTargetDependency */,
			);
			name = FetchRecipesTests;
			productName = FetchRecipesTests;
			productReference = 6A6E7C822D42D43800764C43 /* FetchRecipesTests.xctest */;
			productType = "com.apple.product-type.bundle.unit-test";
		};
		6A6E7C8B2D42D43800764C43 /* FetchRecipesUITests */ = {
			isa = PBXNativeTarget;
			buildConfigurationList = 6A6E7C9C2D42D43800764C43 /* Build configuration list for PBXNativeTarget "FetchRecipesUITests" */;
			buildPhases = (
				6A6E7C882D42D43800764C43 /* Sources */,
				6A6E7C892D42D43800764C43 /* Frameworks */,
				6A6E7C8A2D42D43800764C43 /* Resources */,
			);
			buildRules = (
			);
			dependencies = (
				6A6E7C8E2D42D43800764C43 /* PBXTargetDependency */,
			);
			name = FetchRecipesUITests;
			productName = FetchRecipesUITests;
			productReference = 6A6E7C8C2D42D43800764C43 /* FetchRecipesUITests.xctest */;
			productType = "com.apple.product-type.bundle.ui-testing";
		};
/* End PBXNativeTarget section */

/* Begin PBXProject section */
		6A6E7C682D42D43700764C43 /* Project object */ = {
			isa = PBXProject;
			attributes = {
				BuildIndependentTargetsInParallel = 1;
				LastSwiftUpdateCheck = 1540;
				LastUpgradeCheck = 1540;
				TargetAttributes = {
					6A6E7C6F2D42D43700764C43 = {
						CreatedOnToolsVersion = 15.4;
					};
					6A6E7C812D42D43800764C43 = {
						CreatedOnToolsVersion = 15.4;
						TestTargetID = 6A6E7C6F2D42D43700764C43;
					};
					6A6E7C8B2D42D43800764C43 = {
						CreatedOnToolsVersion = 15.4;
						TestTargetID = 6A6E7C6F2D42D43700764C43;
					};
				};
			};
			buildConfigurationList = 6A6E7C6B2D42D43700764C43 /* Build configuration list for PBXProject "FetchRecipes" */;
			compatibilityVersion = "Xcode 14.0";
			developmentRegion = en;
			hasScannedForEncodings = 0;
			knownRegions = (
				en,
				Base,
			);
			mainGroup = 6A6E7C672D42D43700764C43;
			productRefGroup = 6A6E7C712D42D43700764C43 /* Products */;
			projectDirPath = "";
			projectRoot = "";
			targets = (
				6A6E7C6F2D42D43700764C43 /* FetchRecipes */,
				6A6E7C812D42D43800764C43 /* FetchRecipesTests */,
				6A6E7C8B2D42D43800764C43 /* FetchRecipesUITests */,
			);
		};
/* End PBXProject section */

/* Begin PBXResourcesBuildPhase section */
		6A6E7C6E2D42D43700764C43 /* Resources */ = {
			isa = PBXResourcesBuildPhase;
			buildActionMask = 2147483647;
			files = (
				6A6E7C7D2D42D43800764C43 /* Preview Assets.xcassets in Resources */,
				6A6E7C7A2D42D43800764C43 /* Assets.xcassets in Resources */,
			);
			runOnlyForDeploymentPostprocessing = 0;
		};
		6A6E7C802D42D43800764C43 /* Resources */ = {
			isa = PBXResourcesBuildPhase;
			buildActionMask = 2147483647;
			files = (
			);
			runOnlyForDeploymentPostprocessing = 0;
		};
		6A6E7C8A2D42D43800764C43 /* Resources */ = {
			isa = PBXResourcesBuildPhase;
			buildActionMask = 2147483647;
			files = (
			);
			runOnlyForDeploymentPostprocessing = 0;
		};
/* End PBXResourcesBuildPhase section */

/* Begin PBXSourcesBuildPhase section */
		6A6E7C6C2D42D43700764C43 /* Sources */ = {
			isa = PBXSourcesBuildPhase;
			buildActionMask = 2147483647;
			files = (
				6A6E7C742D42D43700764C43 /* FetchRecipesApp.swift in Sources */,
				6A6E7CA42D42D78900764C43 /* RecipeViewModel.swift in Sources */,
				6A6E7CA12D42D70F00764C43 /* Recipe.swift in Sources */,
				6A6E7CAA2D42D84000764C43 /* ImageCache.swift in Sources */,
				6A6E7CAF2D42D8BE00764C43 /* RecipeListView.swift in Sources */,
				6A6E7CA72D42D7FA00764C43 /* RecipeAPIClient.swift in Sources */,
			);
			runOnlyForDeploymentPostprocessing = 0;
		};
		6A6E7C7E2D42D43800764C43 /* Sources */ = {
			isa = PBXSourcesBuildPhase;
			buildActionMask = 2147483647;
			files = (
				6A6E7CAC2D42D88200764C43 /* RecipeAPITests.swift in Sources */,
				6A6E7C872D42D43800764C43 /* FetchRecipesTests.swift in Sources */,
			);
			runOnlyForDeploymentPostprocessing = 0;
		};
		6A6E7C882D42D43800764C43 /* Sources */ = {
			isa = PBXSourcesBuildPhase;
			buildActionMask = 2147483647;
			files = (
				6A6E7C912D42D43800764C43 /* FetchRecipesUITests.swift in Sources */,
				6A6E7C932D42D43800764C43 /* FetchRecipesUITestsLaunchTests.swift in Sources */,
			);
			runOnlyForDeploymentPostprocessing = 0;
		};
/* End PBXSourcesBuildPhase section */

/* Begin PBXTargetDependency section */
		6A6E7C842D42D43800764C43 /* PBXTargetDependency */ = {
			isa = PBXTargetDependency;
			target = 6A6E7C6F2D42D43700764C43 /* FetchRecipes */;
			targetProxy = 6A6E7C832D42D43800764C43 /* PBXContainerItemProxy */;
		};
		6A6E7C8E2D42D43800764C43 /* PBXTargetDependency */ = {
			isa = PBXTargetDependency;
			target = 6A6E7C6F2D42D43700764C43 /* FetchRecipes */;
			targetProxy = 6A6E7C8D2D42D43800764C43 /* PBXContainerItemProxy */;
		};
/* End PBXTargetDependency section */

/* Begin XCBuildConfiguration section */
		6A6E7C942D42D43800764C43 /* Debug */ = {
			isa = XCBuildConfiguration;
			buildSettings = {
				ALWAYS_SEARCH_USER_PATHS = NO;
				ASSETCATALOG_COMPILER_GENERATE_SWIFT_ASSET_SYMBOL_EXTENSIONS = YES;
				CLANG_ANALYZER_NONNULL = YES;
				CLANG_ANALYZER_NUMBER_OBJECT_CONVERSION = YES_AGGRESSIVE;
				CLANG_CXX_LANGUAGE_STANDARD = "gnu++20";
				CLANG_ENABLE_MODULES = YES;
				CLANG_ENABLE_OBJC_ARC = YES;
				CLANG_ENABLE_OBJC_WEAK = YES;
				CLANG_WARN_BLOCK_CAPTURE_AUTORELEASING = YES;
				CLANG_WARN_BOOL_CONVERSION = YES;
				CLANG_WARN_COMMA = YES;
				CLANG_WARN_CONSTANT_CONVERSION = YES;
				CLANG_WARN_DEPRECATED_OBJC_IMPLEMENTATIONS = YES;
				CLANG_WARN_DIRECT_OBJC_ISA_USAGE = YES_ERROR;
				CLANG_WARN_DOCUMENTATION_COMMENTS = YES;
				CLANG_WARN_EMPTY_BODY = YES;
				CLANG_WARN_ENUM_CONVERSION = YES;
				CLANG_WARN_INFINITE_RECURSION = YES;
				CLANG_WARN_INT_CONVERSION = YES;
				CLANG_WARN_NON_LITERAL_NULL_CONVERSION = YES;
				CLANG_WARN_OBJC_IMPLICIT_RETAIN_SELF = YES;
				CLANG_WARN_OBJC_LITERAL_CONVERSION = YES;
				CLANG_WARN_OBJC_ROOT_CLASS = YES_ERROR;
				CLANG_WARN_QUOTED_INCLUDE_IN_FRAMEWORK_HEADER = YES;
				CLANG_WARN_RANGE_LOOP_ANALYSIS = YES;
				CLANG_WARN_STRICT_PROTOTYPES = YES;
				CLANG_WARN_SUSPICIOUS_MOVE = YES;
				CLANG_WARN_UNGUARDED_AVAILABILITY = YES_AGGRESSIVE;
				CLANG_WARN_UNREACHABLE_CODE = YES;
				CLANG_WARN__DUPLICATE_METHOD_MATCH = YES;
				COPY_PHASE_STRIP = NO;
				DEBUG_INFORMATION_FORMAT = dwarf;
				ENABLE_STRICT_OBJC_MSGSEND = YES;
				ENABLE_TESTABILITY = YES;
				ENABLE_USER_SCRIPT_SANDBOXING = YES;
				GCC_C_LANGUAGE_STANDARD = gnu17;
				GCC_DYNAMIC_NO_PIC = NO;
				GCC_NO_COMMON_BLOCKS = YES;
				GCC_OPTIMIZATION_LEVEL = 0;
				GCC_PREPROCESSOR_DEFINITIONS = (
					"DEBUG=1",
					"$(inherited)",
				);
				GCC_WARN_64_TO_32_BIT_CONVERSION = YES;
				GCC_WARN_ABOUT_RETURN_TYPE = YES_ERROR;
				GCC_WARN_UNDECLARED_SELECTOR = YES;
				GCC_WARN_UNINITIALIZED_AUTOS = YES_AGGRESSIVE;
				GCC_WARN_UNUSED_FUNCTION = YES;
				GCC_WARN_UNUSED_VARIABLE = YES;
				IPHONEOS_DEPLOYMENT_TARGET = 17.5;
				LOCALIZATION_PREFERS_STRING_CATALOGS = YES;
				MTL_ENABLE_DEBUG_INFO = INCLUDE_SOURCE;
				MTL_FAST_MATH = YES;
				ONLY_ACTIVE_ARCH = YES;
				SDKROOT = iphoneos;
				SWIFT_ACTIVE_COMPILATION_CONDITIONS = "DEBUG $(inherited)";
				SWIFT_OPTIMIZATION_LEVEL = "-Onone";
			};
			name = Debug;
		};
		6A6E7C952D42D43800764C43 /* Release */ = {
			isa = XCBuildConfiguration;
			buildSettings = {
				ALWAYS_SEARCH_USER_PATHS = NO;
				ASSETCATALOG_COMPILER_GENERATE_SWIFT_ASSET_SYMBOL_EXTENSIONS = YES;
				CLANG_ANALYZER_NONNULL = YES;
				CLANG_ANALYZER_NUMBER_OBJECT_CONVERSION = YES_AGGRESSIVE;
				CLANG_CXX_LANGUAGE_STANDARD = "gnu++20";
				CLANG_ENABLE_MODULES = YES;
				CLANG_ENABLE_OBJC_ARC = YES;
				CLANG_ENABLE_OBJC_WEAK = YES;
				CLANG_WARN_BLOCK_CAPTURE_AUTORELEASING = YES;
				CLANG_WARN_BOOL_CONVERSION = YES;
				CLANG_WARN_COMMA = YES;
				CLANG_WARN_CONSTANT_CONVERSION = YES;
				CLANG_WARN_DEPRECATED_OBJC_IMPLEMENTATIONS = YES;
				CLANG_WARN_DIRECT_OBJC_ISA_USAGE = YES_ERROR;
				CLANG_WARN_DOCUMENTATION_COMMENTS = YES;
				CLANG_WARN_EMPTY_BODY = YES;
				CLANG_WARN_ENUM_CONVERSION = YES;
				CLANG_WARN_INFINITE_RECURSION = YES;
				CLANG_WARN_INT_CONVERSION = YES;
				CLANG_WARN_NON_LITERAL_NULL_CONVERSION = YES;
				CLANG_WARN_OBJC_IMPLICIT_RETAIN_SELF = YES;
				CLANG_WARN_OBJC_LITERAL_CONVERSION = YES;
				CLANG_WARN_OBJC_ROOT_CLASS = YES_ERROR;
				CLANG_WARN_QUOTED_INCLUDE_IN_FRAMEWORK_HEADER = YES;
				CLANG_WARN_RANGE_LOOP_ANALYSIS = YES;
				CLANG_WARN_STRICT_PROTOTYPES = YES;
				CLANG_WARN_SUSPICIOUS_MOVE = YES;
				CLANG_WARN_UNGUARDED_AVAILABILITY = YES_AGGRESSIVE;
				CLANG_WARN_UNREACHABLE_CODE = YES;
				CLANG_WARN__DUPLICATE_METHOD_MATCH = YES;
				COPY_PHASE_STRIP = NO;
				DEBUG_INFORMATION_FORMAT = "dwarf-with-dsym";
				ENABLE_NS_ASSERTIONS = NO;
				ENABLE_STRICT_OBJC_MSGSEND = YES;
				ENABLE_USER_SCRIPT_SANDBOXING = YES;
				GCC_C_LANGUAGE_STANDARD = gnu17;
				GCC_NO_COMMON_BLOCKS = YES;
				GCC_WARN_64_TO_32_BIT_CONVERSION = YES;
				GCC_WARN_ABOUT_RETURN_TYPE = YES_ERROR;
				GCC_WARN_UNDECLARED_SELECTOR = YES;
				GCC_WARN_UNINITIALIZED_AUTOS = YES_AGGRESSIVE;
				GCC_WARN_UNUSED_FUNCTION = YES;
				GCC_WARN_UNUSED_VARIABLE = YES;
				IPHONEOS_DEPLOYMENT_TARGET = 17.5;
				LOCALIZATION_PREFERS_STRING_CATALOGS = YES;
				MTL_ENABLE_DEBUG_INFO = NO;
				MTL_FAST_MATH = YES;
				SDKROOT = iphoneos;
				SWIFT_COMPILATION_MODE = wholemodule;
				VALIDATE_PRODUCT = YES;
			};
			name = Release;
		};
		6A6E7C972D42D43800764C43 /* Debug */ = {
			isa = XCBuildConfiguration;
			buildSettings = {
				ASSETCATALOG_COMPILER_APPICON_NAME = AppIcon;
				ASSETCATALOG_COMPILER_GLOBAL_ACCENT_COLOR_NAME = AccentColor;
				CODE_SIGN_STYLE = Automatic;
				CURRENT_PROJECT_VERSION = 1;
				DEVELOPMENT_ASSET_PATHS = "\"FetchRecipes/Preview Content\"";
				DEVELOPMENT_TEAM = 8FU76QFKU2;
				ENABLE_PREVIEWS = YES;
				GENERATE_INFOPLIST_FILE = YES;
				INFOPLIST_KEY_UIApplicationSceneManifest_Generation = YES;
				INFOPLIST_KEY_UIApplicationSupportsIndirectInputEvents = YES;
				INFOPLIST_KEY_UILaunchScreen_Generation = YES;
				INFOPLIST_KEY_UISupportedInterfaceOrientations_iPad = "UIInterfaceOrientationPortrait UIInterfaceOrientationPortraitUpsideDown UIInterfaceOrientationLandscapeLeft UIInterfaceOrientationLandscapeRight";
				INFOPLIST_KEY_UISupportedInterfaceOrientations_iPhone = "UIInterfaceOrientationPortrait UIInterfaceOrientationLandscapeLeft UIInterfaceOrientationLandscapeRight";
				LD_RUNPATH_SEARCH_PATHS = (
					"$(inherited)",
					"@executable_path/Frameworks",
				);
				MARKETING_VERSION = 1.0;
				PRODUCT_BUNDLE_IDENTIFIER = com.IsaacsProjectApps.com.FetchRecipes;
				PRODUCT_NAME = "$(TARGET_NAME)";
				SWIFT_EMIT_LOC_STRINGS = YES;
				SWIFT_VERSION = 5.0;
				TARGETED_DEVICE_FAMILY = "1,2";
			};
			name = Debug;
		};
		6A6E7C982D42D43800764C43 /* Release */ = {
			isa = XCBuildConfiguration;
			buildSettings = {
				ASSETCATALOG_COMPILER_APPICON_NAME = AppIcon;
				ASSETCATALOG_COMPILER_GLOBAL_ACCENT_COLOR_NAME = AccentColor;
				CODE_SIGN_STYLE = Automatic;
				CURRENT_PROJECT_VERSION = 1;
				DEVELOPMENT_ASSET_PATHS = "\"FetchRecipes/Preview Content\"";
				DEVELOPMENT_TEAM = 8FU76QFKU2;
				ENABLE_PREVIEWS = YES;
				GENERATE_INFOPLIST_FILE = YES;
				INFOPLIST_KEY_UIApplicationSceneManifest_Generation = YES;
				INFOPLIST_KEY_UIApplicationSupportsIndirectInputEvents = YES;
				INFOPLIST_KEY_UILaunchScreen_Generation = YES;
				INFOPLIST_KEY_UISupportedInterfaceOrientations_iPad = "UIInterfaceOrientationPortrait UIInterfaceOrientationPortraitUpsideDown UIInterfaceOrientationLandscapeLeft UIInterfaceOrientationLandscapeRight";
				INFOPLIST_KEY_UISupportedInterfaceOrientations_iPhone = "UIInterfaceOrientationPortrait UIInterfaceOrientationLandscapeLeft UIInterfaceOrientationLandscapeRight";
				LD_RUNPATH_SEARCH_PATHS = (
					"$(inherited)",
					"@executable_path/Frameworks",
				);
				MARKETING_VERSION = 1.0;
				PRODUCT_BUNDLE_IDENTIFIER = com.IsaacsProjectApps.com.FetchRecipes;
				PRODUCT_NAME = "$(TARGET_NAME)";
				SWIFT_EMIT_LOC_STRINGS = YES;
				SWIFT_VERSION = 5.0;
				TARGETED_DEVICE_FAMILY = "1,2";
			};
			name = Release;
		};
		6A6E7C9A2D42D43800764C43 /* Debug */ = {
			isa = XCBuildConfiguration;
			buildSettings = {
				ALWAYS_EMBED_SWIFT_STANDARD_LIBRARIES = YES;
				BUNDLE_LOADER = "$(TEST_HOST)";
				CODE_SIGN_STYLE = Automatic;
				CURRENT_PROJECT_VERSION = 1;
				DEVELOPMENT_TEAM = 8FU76QFKU2;
				GENERATE_INFOPLIST_FILE = YES;
				IPHONEOS_DEPLOYMENT_TARGET = 17.5;
				MARKETING_VERSION = 1.0;
				PRODUCT_BUNDLE_IDENTIFIER = com.IsaacsProjectApps.com.FetchRecipesTests;
				PRODUCT_NAME = "$(TARGET_NAME)";
				SWIFT_EMIT_LOC_STRINGS = NO;
				SWIFT_VERSION = 5.0;
				TARGETED_DEVICE_FAMILY = "1,2";
				TEST_HOST = "$(BUILT_PRODUCTS_DIR)/FetchRecipes.app/$(BUNDLE_EXECUTABLE_FOLDER_PATH)/FetchRecipes";
			};
			name = Debug;
		};
		6A6E7C9B2D42D43800764C43 /* Release */ = {
			isa = XCBuildConfiguration;
			buildSettings = {
				ALWAYS_EMBED_SWIFT_STANDARD_LIBRARIES = YES;
				BUNDLE_LOADER = "$(TEST_HOST)";
				CODE_SIGN_STYLE = Automatic;
				CURRENT_PROJECT_VERSION = 1;
				DEVELOPMENT_TEAM = 8FU76QFKU2;
				GENERATE_INFOPLIST_FILE = YES;
				IPHONEOS_DEPLOYMENT_TARGET = 17.5;
				MARKETING_VERSION = 1.0;
				PRODUCT_BUNDLE_IDENTIFIER = com.IsaacsProjectApps.com.FetchRecipesTests;
				PRODUCT_NAME = "$(TARGET_NAME)";
				SWIFT_EMIT_LOC_STRINGS = NO;
				SWIFT_VERSION = 5.0;
				TARGETED_DEVICE_FAMILY = "1,2";
				TEST_HOST = "$(BUILT_PRODUCTS_DIR)/FetchRecipes.app/$(BUNDLE_EXECUTABLE_FOLDER_PATH)/FetchRecipes";
			};
			name = Release;
		};
		6A6E7C9D2D42D43800764C43 /* Debug */ = {
			isa = XCBuildConfiguration;
			buildSettings = {
				ALWAYS_EMBED_SWIFT_STANDARD_LIBRARIES = YES;
				CODE_SIGN_STYLE = Automatic;
				CURRENT_PROJECT_VERSION = 1;
				DEVELOPMENT_TEAM = 8FU76QFKU2;
				GENERATE_INFOPLIST_FILE = YES;
				MARKETING_VERSION = 1.0;
				PRODUCT_BUNDLE_IDENTIFIER = com.IsaacsProjectApps.com.FetchRecipesUITests;
				PRODUCT_NAME = "$(TARGET_NAME)";
				SWIFT_EMIT_LOC_STRINGS = NO;
				SWIFT_VERSION = 5.0;
				TARGETED_DEVICE_FAMILY = "1,2";
				TEST_TARGET_NAME = FetchRecipes;
			};
			name = Debug;
		};
		6A6E7C9E2D42D43800764C43 /* Release */ = {
			isa = XCBuildConfiguration;
			buildSettings = {
				ALWAYS_EMBED_SWIFT_STANDARD_LIBRARIES = YES;
				CODE_SIGN_STYLE = Automatic;
				CURRENT_PROJECT_VERSION = 1;
				DEVELOPMENT_TEAM = 8FU76QFKU2;
				GENERATE_INFOPLIST_FILE = YES;
				MARKETING_VERSION = 1.0;
				PRODUCT_BUNDLE_IDENTIFIER = com.IsaacsProjectApps.com.FetchRecipesUITests;
				PRODUCT_NAME = "$(TARGET_NAME)";
				SWIFT_EMIT_LOC_STRINGS = NO;
				SWIFT_VERSION = 5.0;
				TARGETED_DEVICE_FAMILY = "1,2";
				TEST_TARGET_NAME = FetchRecipes;
			};
			name = Release;
		};
/* End XCBuildConfiguration section */

/* Begin XCConfigurationList section */
		6A6E7C6B2D42D43700764C43 /* Build configuration list for PBXProject "FetchRecipes" */ = {
			isa = XCConfigurationList;
			buildConfigurations = (
				6A6E7C942D42D43800764C43 /* Debug */,
				6A6E7C952D42D43800764C43 /* Release */,
			);
			defaultConfigurationIsVisible = 0;
			defaultConfigurationName = Release;
		};
		6A6E7C962D42D43800764C43 /* Build configuration list for PBXNativeTarget "FetchRecipes" */ = {
			isa = XCConfigurationList;
			buildConfigurations = (
				6A6E7C972D42D43800764C43 /* Debug */,
				6A6E7C982D42D43800764C43 /* Release */,
			);
			defaultConfigurationIsVisible = 0;
			defaultConfigurationName = Release;
		};
		6A6E7C992D42D43800764C43 /* Build configuration list for PBXNativeTarget "FetchRecipesTests" */ = {
			isa = XCConfigurationList;
			buildConfigurations = (
				6A6E7C9A2D42D43800764C43 /* Debug */,
				6A6E7C9B2D42D43800764C43 /* Release */,
			);
			defaultConfigurationIsVisible = 0;
			defaultConfigurationName = Release;
		};
		6A6E7C9C2D42D43800764C43 /* Build configuration list for PBXNativeTarget "FetchRecipesUITests" */ = {
			isa = XCConfigurationList;
			buildConfigurations = (
				6A6E7C9D2D42D43800764C43 /* Debug */,
				6A6E7C9E2D42D43800764C43 /* Release */,
			);
			defaultConfigurationIsVisible = 0;
			defaultConfigurationName = Release;
		};
/* End XCConfigurationList section */
	};
	rootObject = 6A6E7C682D42D43700764C43 /* Project object */;
}
